{
  "nodes": {
    "network-compiler": {
      "inputs": {
        "network-labs": [],
        "nixpkgs": [
          "nixpkgs"
        ],
        "nixpkgs-network": "nixpkgs-network"
      },
      "locked": {
        "lastModified": 1786819866,
        "narHash": "sha256-zsK4v3Qpg4ZRpyaLctOl5Grwg8UU7wKHwQOoAhefHRA=",
        "owner": "esp0xdeadbeef",
        "repo": "network-compiler",
        "rev": "9c21a2aa4d0e9dfaa3955791072ed7651ae33c0e",
        "type": "github"
      },
      "original": {
        "owner": "esp0xdeadbeef",
        "repo": "network-compiler",
        "type": "github"
      }
    },
    "network-control-plane-model": {
      "inputs": {
        "network-forwarding-model": [
          "network-forwarding-model"
        ],
        "network-labs": [],
        "nixpkgs": [
          "nixpkgs"
        ],
        "nixpkgs-network": "nixpkgs-network_2"
      },
      "locked": {
        "lastModified": 1786810974,
        "narHash": "sha256-NLruWPwrikVuozgk0xCCyru6w207yUBWqJ42znhyTIs=",
        "owner": "esp0xdeadbeef",
        "repo": "network-control-plane-model",
        "rev": "93fee21968c48535509301c0b009b5a71a6c77a5",
        "type": "github"
      },
      "original": {
        "owner": "esp0xdeadbeef",
        "repo": "network-control-plane-model",
        "type": "github"
      }
    },
    "network-forwarding-model": {
      "inputs": {
        "network-compiler": [
          "network-compiler"
        ],
        "network-labs": [],
        "nixpkgs": [
          "nixpkgs"
        ],
        "nixpkgs-network": "nixpkgs-network_3"
      },
      "locked": {
        "lastModified": 1786819872,
        "narHash": "sha256-cwoWoOZZOw2eu9QtybrBRiZZXo76+15u+9MxasUJXHU=",
        "owner": "esp0xdeadbeef",
        "repo": "network-forwarding-model",
        "rev": "4c8573991a294b1b06305d411be154d40841d91f",
        "type": "github"
      },
      "original": {
        "owner": "esp0xdeadbeef",
        "repo": "network-forwarding-model",
        "type": "github"
      }
    },
    "network-realization-model": {
      "inputs": {
        "network-realization-schema": [
          "network-realization-schema"
        ],
        "nixpkgs": [
          "nixpkgs"
        ]
      },
      "locked": {
        "lastModified": 1786674105,
        "narHash": "sha256-hTykZco40U5/BzoVjpqEcQa/jSXhUKw/h6hkPFaPWQA=",
        "owner": "esp0xdeadbeef",
        "repo": "network-realization-model",
        "rev": "3e9e1f1169120493f0272e20c9ab8d34f5c3ce8c",
        "type": "github"
      },
      "original": {
        "owner": "esp0xdeadbeef",
        "repo": "network-realization-model",
        "type": "github"
      }
    },
    "network-realization-schema": {
      "inputs": {
        "nixpkgs": [
          "nixpkgs"
        ]
      },
      "locked": {
        "lastModified": 1784643450,
        "narHash": "sha256-rzhFGz+nd47xKMopDJdIy2+w8/TGoHeKdDS7MGZx7Ng=",
        "owner": "esp0xdeadbeef",
        "repo": "network-realization-schema",
        "rev": "a033ad80648c64b4c51f1842f3da0c3fc440eeb6",
        "type": "github"
      },
      "original": {
        "owner": "esp0xdeadbeef",
        "repo": "network-realization-schema",
        "type": "github"
      }
    },
    "network-renderer-access-endpoint-nixos": {
      "inputs": {
        "network-control-plane-model": [
          "network-control-plane-model"
        ],
        "network-labs": [],
        "network-realization-model": [
          "network-realization-model"
        ],
        "nixpkgs": [
          "nixpkgs"
        ]
      },
      "locked": {
        "lastModified": 1784770127,
        "narHash": "sha256-e9/FxjYtz+QJXn7D14W4IJIGRnPolBjsbF4hpoGZkjM=",
        "owner": "esp0xdeadbeef",
        "repo": "network-renderer-access-endpoint-nixos",
        "rev": "94002f86d27c98cea002247ba31f0f337bf95c1d",
        "type": "github"
      },
      "original": {
        "owner": "esp0xdeadbeef",
        "repo": "network-renderer-access-endpoint-nixos",
        "type": "github"
      }
    },
    "network-renderer-containerlab-linux-backend": {
      "inputs": {
        "network-compiler": [
          "network-compiler"
        ],
        "network-control-plane-model": [
          "network-control-plane-model"
        ],
        "network-forwarding-model": [
          "network-forwarding-model"
        ],
        "network-labs": [],
        "network-realization-model": [
          "network-realization-model"
        ],
        "nixpkgs": [
          "nixpkgs"
        ]
      },
      "locked": {
        "lastModified": 1786144358,
        "narHash": "sha256-WhxHcm/uxoDuAPDkvQTxRR8UwYUhhNnNd38iFLN8mUU=",
        "owner": "esp0xdeadbeef",
        "repo": "network-renderer-containerlab-linux-backend",
        "rev": "58322b4064651ddff8832031e4a04142a9ad1c3a",
        "type": "github"
      },
      "original": {
        "owner": "esp0xdeadbeef",
        "repo": "network-renderer-containerlab-linux-backend",
        "type": "github"
      }
    },
    "network-renderer-nebula": {
      "inputs": {
        "network-control-plane-model": [
          "network-control-plane-model"
        ],
        "network-labs": [],
        "network-realization-model": [
          "network-realization-model"
        ],
        "nixpkgs": [
          "nixpkgs"
        ]
      },
      "locked": {
        "lastModified": 1784606771,
        "narHash": "sha256-RjEHpmixBX58t/Memh7NveBxD497rsgLxkECvdtvX1c=",
        "owner": "esp0xdeadbeef",
        "repo": "network-renderer-nebula",
        "rev": "94f2d80a908dfb13c1741b56da243cca0c514890",
        "type": "github"
      },
      "original": {
        "owner": "esp0xdeadbeef",
        "repo": "network-renderer-nebula",
        "type": "github"
      }
    },
    "network-renderer-nixos": {
      "inputs": {
        "network-control-plane-model": [
          "network-control-plane-model"
        ],
        "network-forwarding-model": [
          "network-forwarding-model"
        ],
        "network-labs": [],
        "network-realization-model": [
          "network-realization-model"
        ],
        "nixos-network-compiler": [
          "nixos-network-compiler"
        ],
        "nixpkgs": [
          "nixpkgs"
        ]
      },
      "locked": {
        "lastModified": 1786823171,
        "narHash": "sha256-SP/g2wzu27oAJB6+87WYA1R3Y87T69ncFDwdxCbcCks=",
        "owner": "esp0xdeadbeef",
        "repo": "network-renderer-nixos",
        "rev": "92019c70a88bb0f66032f8cf01f8b1e62ca309ab",
        "type": "github"
      },
      "original": {
        "owner": "esp0xdeadbeef",
        "repo": "network-renderer-nixos",
        "type": "github"
      }
    },
    "network-renderer-openconfig": {
      "inputs": {
        "network-control-plane-model": [
          "network-control-plane-model"
        ],
        "network-labs": [],
        "network-realization-model": [
          "network-realization-model"
        ],
        "network-realization-schema": [
          "network-realization-schema"
        ],
        "nixpkgs": [
          "nixpkgs"
        ],
        "openconfig": "openconfig"
      },
      "locked": {
        "lastModified": 1784770127,
        "narHash": "sha256-W22iAdaRiWyrBRVIvxoj4P1THU4N6Lwq36foEB9KWA8=",
        "owner": "esp0xdeadbeef",
        "repo": "network-renderer-openconfig",
        "rev": "5f9557815d54b80e757321cc778d901700e8ba6f",
        "type": "github"
      },
      "original": {
        "owner": "esp0xdeadbeef",
        "repo": "network-renderer-openconfig",
        "type": "github"
      }
    },
    "network-renderer-wireguard": {
      "inputs": {
        "network-control-plane-model": [
          "network-control-plane-model"
        ],
        "network-realization-model": [
          "network-realization-model"
        ],
        "nixpkgs": [
          "nixpkgs"
        ]
      },
      "locked": {
        "lastModified": 1786822116,
        "narHash": "sha256-lroB0OikYPK9W14fT1egTmqThOdfUlx6tCmoZnBVaUQ=",
        "owner": "esp0xdeadbeef",
        "repo": "network-renderer-wireguard",
        "rev": "8e00ba45cf7a7dc0495f2b063e7bb489081da2fc",
        "type": "github"
      },
      "original": {
        "owner": "esp0xdeadbeef",
        "repo": "network-renderer-wireguard",
        "type": "github"
      }
    },
    "nixos-network-compiler": {
      "inputs": {
        "network-labs": [],
        "nixpkgs": [
          "nixpkgs"
        ],
        "nixpkgs-network": "nixpkgs-network_4"
      },
      "locked": {
        "lastModified": 1786819866,
        "narHash": "sha256-zsK4v3Qpg4ZRpyaLctOl5Grwg8UU7wKHwQOoAhefHRA=",
        "owner": "esp0xdeadbeef",
        "repo": "nixos-network-compiler",
        "rev": "9c21a2aa4d0e9dfaa3955791072ed7651ae33c0e",
        "type": "github"
      },
      "original": {
        "owner": "esp0xdeadbeef",
        "repo": "nixos-network-compiler",
        "type": "github"
      }
    },
    "nixpkgs": {
      "locked": {
        "lastModified": 1786599213,
        "narHash": "sha256-yNJd40f11EzXBjSByCB7IPpeFFAdeoSKKM67dGkfFoU=",
        "owner": "NixOS",
        "repo": "nixpkgs",
        "rev": "0e251e24a4f24e036a084b6b4b2d2491af4167f4",
        "type": "github"
      },
      "original": {
        "owner": "NixOS",
        "ref": "nixos-unstable",
        "repo": "nixpkgs",
        "type": "github"
      }
    },
    "nixpkgs-network": {
      "locked": {
        "lastModified": 1722112448,
        "narHash": "sha256-Ugp/K1wA7N0u0xE27YP/fvFaZqK9dYKSjJ/OoTdQ7rc=",
        "owner": "NixOS",
        "repo": "nixpkgs",
        "rev": "ac56c456ebe4901c561d3ebf1c98fbd970aea753",
        "type": "github"
      },
      "original": {
        "owner": "NixOS",
        "repo": "nixpkgs",
        "rev": "ac56c456ebe4901c561d3ebf1c98fbd970aea753",
        "type": "github"
      }
    },
    "nixpkgs-network_2": {
      "locked": {
        "lastModified": 1722112448,
        "narHash": "sha256-Ugp/K1wA7N0u0xE27YP/fvFaZqK9dYKSjJ/OoTdQ7rc=",
        "owner": "NixOS",
        "repo": "nixpkgs",
        "rev": "ac56c456ebe4901c561d3ebf1c98fbd970aea753",
        "type": "github"
      },
      "original": {
        "owner": "NixOS",
        "repo": "nixpkgs",
        "rev": "ac56c456ebe4901c561d3ebf1c98fbd970aea753",
        "type": "github"
      }
    },
    "nixpkgs-network_3": {
      "locked": {
        "lastModified": 1722112448,
        "narHash": "sha256-Ugp/K1wA7N0u0xE27YP/fvFaZqK9dYKSjJ/OoTdQ7rc=",
        "owner": "NixOS",
        "repo": "nixpkgs",
        "rev": "ac56c456ebe4901c561d3ebf1c98fbd970aea753",
        "type": "github"
      },
      "original": {
        "owner": "NixOS",
        "repo": "nixpkgs",
        "rev": "ac56c456ebe4901c561d3ebf1c98fbd970aea753",
        "type": "github"
      }
    },
    "nixpkgs-network_4": {
      "locked": {
        "lastModified": 1722112448,
        "narHash": "sha256-Ugp/K1wA7N0u0xE27YP/fvFaZqK9dYKSjJ/OoTdQ7rc=",
        "owner": "NixOS",
        "repo": "nixpkgs",
        "rev": "ac56c456ebe4901c561d3ebf1c98fbd970aea753",
        "type": "github"
      },
      "original": {
        "owner": "NixOS",
        "repo": "nixpkgs",
        "rev": "ac56c456ebe4901c561d3ebf1c98fbd970aea753",
        "type": "github"
      }
    },
    "openconfig": {
      "flake": false,
      "locked": {
        "lastModified": 1784045113,
        "narHash": "sha256-AbHxDFMXZpXlR81If+g4vTnLPfq9HHf51s09LmLzDqQ=",
        "owner": "openconfig",
        "repo": "public",
        "rev": "f34434149a47aa8ff82ffd32add3aacb7c880af2",
        "type": "github"
      },
      "original": {
        "owner": "openconfig",
        "repo": "public",
        "type": "github"
      }
    },
    "root": {
      "inputs": {
        "network-compiler": "network-compiler",
        "network-control-plane-model": "network-control-plane-model",
        "network-forwarding-model": "network-forwarding-model",
        "network-realization-model": "network-realization-model",
        "network-realization-schema": "network-realization-schema",
        "network-renderer-access-endpoint-nixos": "network-renderer-access-endpoint-nixos",
        "network-renderer-containerlab-linux-backend": "network-renderer-containerlab-linux-backend",
        "network-renderer-nebula": "network-renderer-nebula",
        "network-renderer-nixos": "network-renderer-nixos",
        "network-renderer-openconfig": "network-renderer-openconfig",
        "network-renderer-wireguard": "network-renderer-wireguard",
        "nixos-network-compiler": "nixos-network-compiler",
        "nixpkgs": "nixpkgs"
      }
    }
  },
  "root": "root",
  "version": 7
}
