{
  "nodes": {
    "network-compiler": {
      "inputs": {
        "network-labs": [],
        "nixpkgs": [
          "nixpkgs"
        ],
        "nixpkgs-network": "nixpkgs-network"
      },
      "locked": {
        "lastModified": 1784601525,
        "narHash": "sha256-2IU6vZAxZjgcDRnvVVOFDsK7+lTk97c3Zq27VeB6cwU=",
        "owner": "esp0xdeadbeef",
        "repo": "network-compiler",
        "rev": "76a2ae6c8c59512ae5ce5c0568af5f1dae074c0d",
        "type": "github"
      },
      "original": {
        "owner": "esp0xdeadbeef",
        "repo": "network-compiler",
        "type": "github"
      }
    },
    "network-control-plane-model": {
      "inputs": {
        "network-forwarding-model": [
          "network-forwarding-model"
        ],
        "network-labs": [],
        "nixpkgs": [
          "nixpkgs"
        ],
        "nixpkgs-network": "nixpkgs-network_2"
      },
      "locked": {
        "lastModified": 1784620920,
        "narHash": "sha256-PlryWZEkMRLcazaN9/tcMy+UEWo4uGoh3D59OEYWxNY=",
        "owner": "esp0xdeadbeef",
        "repo": "network-control-plane-model",
        "rev": "efb5687d0f5d4bcb642bc112fe62d5d9851a2fba",
        "type": "github"
      },
      "original": {
        "owner": "esp0xdeadbeef",
        "repo": "network-control-plane-model",
        "type": "github"
      }
    },
    "network-forwarding-model": {
      "inputs": {
        "network-compiler": [
          "network-compiler"
        ],
        "network-labs": [],
        "nixpkgs": [
          "nixpkgs"
        ],
        "nixpkgs-network": "nixpkgs-network_3"
      },
      "locked": {
        "lastModified": 1784591161,
        "narHash": "sha256-oNhcUVUXazWSsT/XMRXnWvFO8da8DqwfMfHrbem3gHc=",
        "owner": "esp0xdeadbeef",
        "repo": "network-forwarding-model",
        "rev": "46853d5fb8c7458fedf90ed6f9a39967b25736f7",
        "type": "github"
      },
      "original": {
        "owner": "esp0xdeadbeef",
        "repo": "network-forwarding-model",
        "type": "github"
      }
    },
    "network-realization-model": {
      "inputs": {
        "network-realization-schema": [
          "network-realization-schema"
        ],
        "nixpkgs": [
          "nixpkgs"
        ]
      },
      "locked": {
        "lastModified": 1784570892,
        "narHash": "sha256-UgpvNxslNrc2ctQ/+TkXlQZDO7abEhvSq1QycKoOT0Y=",
        "owner": "esp0xdeadbeef",
        "repo": "network-realization-model",
        "rev": "426ffd625527222af44663b78f2aa4fbeafcdcaa",
        "type": "github"
      },
      "original": {
        "owner": "esp0xdeadbeef",
        "repo": "network-realization-model",
        "type": "github"
      }
    },
    "network-realization-schema": {
      "inputs": {
        "nixpkgs": [
          "nixpkgs"
        ]
      },
      "locked": {
        "lastModified": 1784570515,
        "narHash": "sha256-bC/Lq/jxjJErVzTPw8r4nNkpFZV4drS6/iZ7EQutguU=",
        "owner": "esp0xdeadbeef",
        "repo": "network-realization-schema",
        "rev": "b4130656b2548d85d95a1fd0270089b7cd7b844c",
        "type": "github"
      },
      "original": {
        "owner": "esp0xdeadbeef",
        "repo": "network-realization-schema",
        "type": "github"
      }
    },
    "network-renderer-access-endpoint-nixos": {
      "inputs": {
        "network-control-plane-model": [
          "network-control-plane-model"
        ],
        "network-labs": [],
        "network-realization-model": [
          "network-realization-model"
        ],
        "nixpkgs": [
          "nixpkgs"
        ]
      },
      "locked": {
        "lastModified": 1784605093,
        "narHash": "sha256-9ewd+xheXcUsc/P1Ome1Gqf+93Jx75rVHNMAwcl90lw=",
        "owner": "esp0xdeadbeef",
        "repo": "network-renderer-access-endpoint-nixos",
        "rev": "c95b3dd20538b9cf7853f3ce67be3eaffaf759ee",
        "type": "github"
      },
      "original": {
        "owner": "esp0xdeadbeef",
        "repo": "network-renderer-access-endpoint-nixos",
        "type": "github"
      }
    },
    "network-renderer-containerlab-linux-backend": {
      "inputs": {
        "network-compiler": [
          "network-compiler"
        ],
        "network-control-plane-model": [
          "network-control-plane-model"
        ],
        "network-forwarding-model": [
          "network-forwarding-model"
        ],
        "network-labs": [],
        "network-realization-model": [
          "network-realization-model"
        ],
        "nixpkgs": [
          "nixpkgs"
        ]
      },
      "locked": {
        "lastModified": 1784610081,
        "narHash": "sha256-LL92SuwKF7ohFILFdBnuwMY/C7ryuVPgBoRz2/ehzVA=",
        "owner": "esp0xdeadbeef",
        "repo": "network-renderer-containerlab-linux-backend",
        "rev": "5cb2a5bf1ee782b0a761186e285638142d5b5b4f",
        "type": "github"
      },
      "original": {
        "owner": "esp0xdeadbeef",
        "repo": "network-renderer-containerlab-linux-backend",
        "type": "github"
      }
    },
    "network-renderer-nebula": {
      "inputs": {
        "network-control-plane-model": [
          "network-control-plane-model"
        ],
        "network-labs": [],
        "network-realization-model": [
          "network-realization-model"
        ],
        "nixpkgs": [
          "nixpkgs"
        ]
      },
      "locked": {
        "lastModified": 1784606771,
        "narHash": "sha256-RjEHpmixBX58t/Memh7NveBxD497rsgLxkECvdtvX1c=",
        "owner": "esp0xdeadbeef",
        "repo": "network-renderer-nebula",
        "rev": "94f2d80a908dfb13c1741b56da243cca0c514890",
        "type": "github"
      },
      "original": {
        "owner": "esp0xdeadbeef",
        "repo": "network-renderer-nebula",
        "type": "github"
      }
    },
    "network-renderer-nixos": {
      "inputs": {
        "network-control-plane-model": [
          "network-control-plane-model"
        ],
        "network-forwarding-model": [
          "network-forwarding-model"
        ],
        "network-labs": [],
        "network-realization-model": [
          "network-realization-model"
        ],
        "nixos-network-compiler": [
          "nixos-network-compiler"
        ],
        "nixpkgs": [
          "nixpkgs"
        ]
      },
      "locked": {
        "lastModified": 1784606772,
        "narHash": "sha256-KE7OYVGP9tqxkD4d1au/tD7HlsvyjlHd+lLjleN2YMk=",
        "owner": "esp0xdeadbeef",
        "repo": "network-renderer-nixos",
        "rev": "4e30350b1d7f7eb2fc954f19230f44941d21a610",
        "type": "github"
      },
      "original": {
        "owner": "esp0xdeadbeef",
        "repo": "network-renderer-nixos",
        "type": "github"
      }
    },
    "network-renderer-openconfig": {
      "inputs": {
        "network-control-plane-model": [
          "network-control-plane-model"
        ],
        "network-labs": [],
        "network-realization-model": [
          "network-realization-model"
        ],
        "network-realization-schema": [
          "network-realization-schema"
        ],
        "nixpkgs": [
          "nixpkgs"
        ],
        "openconfig": "openconfig"
      },
      "locked": {
        "lastModified": 1784608135,
        "narHash": "sha256-l1sLCitAZmMqOJJq/7mrBPKweWFaxSm99sxPqxpTZLU=",
        "owner": "esp0xdeadbeef",
        "repo": "network-renderer-openconfig",
        "rev": "42f50b20420daffeeccf760e9d2b2aba2af34b9b",
        "type": "github"
      },
      "original": {
        "owner": "esp0xdeadbeef",
        "repo": "network-renderer-openconfig",
        "type": "github"
      }
    },
    "network-renderer-wireguard": {
      "inputs": {
        "network-control-plane-model": [
          "network-control-plane-model"
        ],
        "network-realization-model": [
          "network-realization-model"
        ],
        "nixpkgs": [
          "nixpkgs"
        ]
      },
      "locked": {
        "lastModified": 1784606810,
        "narHash": "sha256-QjK5/F9y0x48ILkMLJ9hvBv1fB1YFizXY/fwnMVzgtM=",
        "owner": "esp0xdeadbeef",
        "repo": "network-renderer-wireguard",
        "rev": "4dfd382102b67c073d07247b420b8700f0aa48c7",
        "type": "github"
      },
      "original": {
        "owner": "esp0xdeadbeef",
        "repo": "network-renderer-wireguard",
        "type": "github"
      }
    },
    "nixos-network-compiler": {
      "inputs": {
        "network-labs": [],
        "nixpkgs": [
          "nixpkgs"
        ],
        "nixpkgs-network": "nixpkgs-network_4"
      },
      "locked": {
        "lastModified": 1786802901,
        "narHash": "sha256-HT5Vmonuvt7InoBUfWWWYC6aSEvkE9/cYi4YYGq3UTo=",
        "owner": "esp0xdeadbeef",
        "repo": "nixos-network-compiler",
        "rev": "b97ecac6bcb9e773a215508deb3b615051eb229d",
        "type": "github"
      },
      "original": {
        "owner": "esp0xdeadbeef",
        "repo": "nixos-network-compiler",
        "type": "github"
      }
    },
    "nixpkgs": {
      "locked": {
        "lastModified": 1784497964,
        "narHash": "sha256-vlHUuqAcbcH2RKmHbPiuQzbv1pnzzavXnI62RD0bqCU=",
        "owner": "NixOS",
        "repo": "nixpkgs",
        "rev": "241313f4e8e508cb9b13278c2b0fa25b9ca27163",
        "type": "github"
      },
      "original": {
        "owner": "NixOS",
        "ref": "nixos-unstable",
        "repo": "nixpkgs",
        "type": "github"
      }
    },
    "nixpkgs-network": {
      "locked": {
        "lastModified": 1722112448,
        "narHash": "sha256-Ugp/K1wA7N0u0xE27YP/fvFaZqK9dYKSjJ/OoTdQ7rc=",
        "owner": "NixOS",
        "repo": "nixpkgs",
        "rev": "ac56c456ebe4901c561d3ebf1c98fbd970aea753",
        "type": "github"
      },
      "original": {
        "owner": "NixOS",
        "repo": "nixpkgs",
        "rev": "ac56c456ebe4901c561d3ebf1c98fbd970aea753",
        "type": "github"
      }
    },
    "nixpkgs-network_2": {
      "locked": {
        "lastModified": 1722112448,
        "narHash": "sha256-Ugp/K1wA7N0u0xE27YP/fvFaZqK9dYKSjJ/OoTdQ7rc=",
        "owner": "NixOS",
        "repo": "nixpkgs",
        "rev": "ac56c456ebe4901c561d3ebf1c98fbd970aea753",
        "type": "github"
      },
      "original": {
        "owner": "NixOS",
        "repo": "nixpkgs",
        "rev": "ac56c456ebe4901c561d3ebf1c98fbd970aea753",
        "type": "github"
      }
    },
    "nixpkgs-network_3": {
      "locked": {
        "lastModified": 1722112448,
        "narHash": "sha256-Ugp/K1wA7N0u0xE27YP/fvFaZqK9dYKSjJ/OoTdQ7rc=",
        "owner": "NixOS",
        "repo": "nixpkgs",
        "rev": "ac56c456ebe4901c561d3ebf1c98fbd970aea753",
        "type": "github"
      },
      "original": {
        "owner": "NixOS",
        "repo": "nixpkgs",
        "rev": "ac56c456ebe4901c561d3ebf1c98fbd970aea753",
        "type": "github"
      }
    },
    "nixpkgs-network_4": {
      "locked": {
        "lastModified": 1722112448,
        "narHash": "sha256-Ugp/K1wA7N0u0xE27YP/fvFaZqK9dYKSjJ/OoTdQ7rc=",
        "owner": "NixOS",
        "repo": "nixpkgs",
        "rev": "ac56c456ebe4901c561d3ebf1c98fbd970aea753",
        "type": "github"
      },
      "original": {
        "owner": "NixOS",
        "repo": "nixpkgs",
        "rev": "ac56c456ebe4901c561d3ebf1c98fbd970aea753",
        "type": "github"
      }
    },
    "openconfig": {
      "flake": false,
      "locked": {
        "lastModified": 1784045113,
        "narHash": "sha256-AbHxDFMXZpXlR81If+g4vTnLPfq9HHf51s09LmLzDqQ=",
        "owner": "openconfig",
        "repo": "public",
        "rev": "f34434149a47aa8ff82ffd32add3aacb7c880af2",
        "type": "github"
      },
      "original": {
        "owner": "openconfig",
        "repo": "public",
        "type": "github"
      }
    },
    "root": {
      "inputs": {
        "network-compiler": "network-compiler",
        "network-control-plane-model": "network-control-plane-model",
        "network-forwarding-model": "network-forwarding-model",
        "network-realization-model": "network-realization-model",
        "network-realization-schema": "network-realization-schema",
        "network-renderer-access-endpoint-nixos": "network-renderer-access-endpoint-nixos",
        "network-renderer-containerlab-linux-backend": "network-renderer-containerlab-linux-backend",
        "network-renderer-nebula": "network-renderer-nebula",
        "network-renderer-nixos": "network-renderer-nixos",
        "network-renderer-openconfig": "network-renderer-openconfig",
        "network-renderer-wireguard": "network-renderer-wireguard",
        "nixos-network-compiler": "nixos-network-compiler",
        "nixpkgs": "nixpkgs"
      }
    }
  },
  "root": "root",
  "version": 7
}
